
Microsoft Visual Studio Solution File, Format Version 12.00
# Visual Studio Version 17
VisualStudioVersion = 17.0.32112.339
MinimumVisualStudioVersion = 10.0.40219.1
Project("{F184B08F-C81C-45F6-A57F-5ABD9991F28F}") = "DragonDownloadmanager", "DragonDownloadmanager\DragonDownloadmanager.vbproj", "{9B385691-8013-412A-9889-A73EBD4F5D7D}"
EndProject
Global
	GlobalSection(SolutionConfigurationPlatforms) = preSolution
		Debug|Any CPU = Debug|Any CPU
		Release|Any CPU = Release|Any CPU
	EndGlobalSection
	GlobalSection(ProjectConfigurationPlatforms) = postSolution
		{9B385691-8013-412A-9889-A73EBD4F5D7D}.Debug|Any CPU.ActiveCfg = Debug|Any CPU
		{9B385691-8013-412A-9889-A73EBD4F5D7D}.Debug|Any CPU.Build.0 = Debug|Any CPU
		{9B385691-8013-412A-9889-A73EBD4F5D7D}.Release|Any CPU.ActiveCfg = Release|Any CPU
		{9B385691-8013-412A-9889-A73EBD4F5D7D}.Release|Any CPU.Build.0 = Release|Any CPU
	EndGlobalSection
	GlobalSection(SolutionProperties) = preSolution
		HideSolutionNode = FALSE
	EndGlobalSection
	GlobalSection(ExtensibilityGlobals) = postSolution
		SolutionGuid = {3AE933C5-4B0C-4882-9AA2-5BBCEA2EA04E}
	EndGlobalSection
EndGlobal
